
Microsoft Visual Studio Solution File, Format Version 12.00
# Visual Studio 14
VisualStudioVersion = 14.0.25420.1
MinimumVisualStudioVersion = 10.0.40219.1
Project("{FAE04EC0-301F-11D3-BF4B-00C04F79EFBC}") = "SV_NoteApp", "SV_NoteApp\SV_NoteApp.csproj", "{FA0A684B-E0A4-4A92-BE60-103F3F4EA2B3}"
EndProject
Global
	GlobalSection(SolutionConfigurationPlatforms) = preSolution
		Debug|Any CPU = Debug|Any CPU
		Release|Any CPU = Release|Any CPU
	EndGlobalSection
	GlobalSection(ProjectConfigurationPlatforms) = postSolution
		{FA0A684B-E0A4-4A92-BE60-103F3F4EA2B3}.Debug|Any CPU.ActiveCfg = Debug|Any CPU
		{FA0A684B-E0A4-4A92-BE60-103F3F4EA2B3}.Debug|Any CPU.Build.0 = Debug|Any CPU
		{FA0A684B-E0A4-4A92-BE60-103F3F4EA2B3}.Release|Any CPU.ActiveCfg = Release|Any CPU
		{FA0A684B-E0A4-4A92-BE60-103F3F4EA2B3}.Release|Any CPU.Build.0 = Release|Any CPU
	EndGlobalSection
	GlobalSection(SolutionProperties) = preSolution
		HideSolutionNode = FALSE
	EndGlobalSection
EndGlobal
